
Microsoft Visual Studio Solution File, Format Version 12.00
# Visual Studio Version 16
VisualStudioVersion = 16.0.31624.102
MinimumVisualStudioVersion = 10.0.40219.1
Project("{9A19103F-16F7-4668-BE54-9A1E7A4F7556}") = "CRUDTesteMeta", "CRUDTesteMeta.csproj", "{DFAD297D-0A09-4E4B-B200-7403D314089E}"
EndProject
Global
	GlobalSection(SolutionConfigurationPlatforms) = preSolution
		Debug|Any CPU = Debug|Any CPU
		Release|Any CPU = Release|Any CPU
	EndGlobalSection
	GlobalSection(ProjectConfigurationPlatforms) = postSolution
		{DFAD297D-0A09-4E4B-B200-7403D314089E}.Debug|Any CPU.ActiveCfg = Debug|Any CPU
		{DFAD297D-0A09-4E4B-B200-7403D314089E}.Debug|Any CPU.Build.0 = Debug|Any CPU
		{DFAD297D-0A09-4E4B-B200-7403D314089E}.Release|Any CPU.ActiveCfg = Release|Any CPU
		{DFAD297D-0A09-4E4B-B200-7403D314089E}.Release|Any CPU.Build.0 = Release|Any CPU
	EndGlobalSection
	GlobalSection(SolutionProperties) = preSolution
		HideSolutionNode = FALSE
	EndGlobalSection
	GlobalSection(ExtensibilityGlobals) = postSolution
		SolutionGuid = {B332C460-C71A-4D68-850D-96F426C7877C}
	EndGlobalSection
EndGlobal
